// !$*UTF8*$!
{
	archiveVersion = 1;
	classes = {
	};
	objectVersion = 56;
	objects = {

/* Begin PBXBuildFile section */
		7467771B2C414F03003B86DF /* PokemonProfile.xcdatamodeld in Sources */ = {isa = PBXBuildFile; fileRef = 7479F9682C3FC1E100E94270 /* PokemonProfile.xcdatamodeld */; };
		746777212C441995003B86DF /* Profile.swift in Sources */ = {isa = PBXBuildFile; fileRef = 746777202C441995003B86DF /* Profile.swift */; };
		746777242C44804E003B86DF /* PokemonProfile+CoreDataProperties.swift in Sources */ = {isa = PBXBuildFile; fileRef = 746777222C44804E003B86DF /* PokemonProfile+CoreDataProperties.swift */; };
		746777252C44804E003B86DF /* PokemonProfile+CoreDataClass.swift in Sources */ = {isa = PBXBuildFile; fileRef = 746777232C44804E003B86DF /* PokemonProfile+CoreDataClass.swift */; };
		7479F9602C3FC1E100E94270 /* AppDelegate.swift in Sources */ = {isa = PBXBuildFile; fileRef = 7479F95F2C3FC1E100E94270 /* AppDelegate.swift */; };
		7479F9622C3FC1E100E94270 /* SceneDelegate.swift in Sources */ = {isa = PBXBuildFile; fileRef = 7479F9612C3FC1E100E94270 /* SceneDelegate.swift */; };
		7479F9642C3FC1E100E94270 /* MainController.swift in Sources */ = {isa = PBXBuildFile; fileRef = 7479F9632C3FC1E100E94270 /* MainController.swift */; };
		7479F96C2C3FC1E200E94270 /* Assets.xcassets in Resources */ = {isa = PBXBuildFile; fileRef = 7479F96B2C3FC1E200E94270 /* Assets.xcassets */; };
		7479F96F2C3FC1E200E94270 /* Base in Resources */ = {isa = PBXBuildFile; fileRef = 7479F96E2C3FC1E200E94270 /* Base */; };
		7479F97A2C3FC51200E94270 /* MainView.swift in Sources */ = {isa = PBXBuildFile; fileRef = 7479F9792C3FC51200E94270 /* MainView.swift */; };
		7479F97C2C3FCD0A00E94270 /* ProfileTableCell.swift in Sources */ = {isa = PBXBuildFile; fileRef = 7479F97B2C3FCD0A00E94270 /* ProfileTableCell.swift */; };
		7479F97F2C3FD23C00E94270 /* SnapKit in Frameworks */ = {isa = PBXBuildFile; productRef = 7479F97E2C3FD23C00E94270 /* SnapKit */; };
		7479F9812C3FDD6D00E94270 /* ManageController.swift in Sources */ = {isa = PBXBuildFile; fileRef = 7479F9802C3FDD6D00E94270 /* ManageController.swift */; };
		7479F9832C3FDE2300E94270 /* ManageView.swift in Sources */ = {isa = PBXBuildFile; fileRef = 7479F9822C3FDE2300E94270 /* ManageView.swift */; };
		7479F9852C40084300E94270 /* PokemonModel.swift in Sources */ = {isa = PBXBuildFile; fileRef = 7479F9842C40084300E94270 /* PokemonModel.swift */; };
/* End PBXBuildFile section */

/* Begin PBXFileReference section */
		746777202C441995003B86DF /* Profile.swift */ = {isa = PBXFileReference; lastKnownFileType = sourcecode.swift; path = Profile.swift; sourceTree = "<group>"; };
		746777222C44804E003B86DF /* PokemonProfile+CoreDataProperties.swift */ = {isa = PBXFileReference; fileEncoding = 4; lastKnownFileType = sourcecode.swift; name = "PokemonProfile+CoreDataProperties.swift"; path = "../../PokemonProfile+CoreDataProperties.swift"; sourceTree = "<group>"; };
		746777232C44804E003B86DF /* PokemonProfile+CoreDataClass.swift */ = {isa = PBXFileReference; fileEncoding = 4; lastKnownFileType = sourcecode.swift; name = "PokemonProfile+CoreDataClass.swift"; path = "../../PokemonProfile+CoreDataClass.swift"; sourceTree = "<group>"; };
		7479F95C2C3FC1E100E94270 /* PokemonProfile.app */ = {isa = PBXFileReference; explicitFileType = wrapper.application; includeInIndex = 0; path = PokemonProfile.app; sourceTree = BUILT_PRODUCTS_DIR; };
		7479F95F2C3FC1E100E94270 /* AppDelegate.swift */ = {isa = PBXFileReference; lastKnownFileType = sourcecode.swift; path = AppDelegate.swift; sourceTree = "<group>"; };
		7479F9612C3FC1E100E94270 /* SceneDelegate.swift */ = {isa = PBXFileReference; lastKnownFileType = sourcecode.swift; path = SceneDelegate.swift; sourceTree = "<group>"; };
		7479F9632C3FC1E100E94270 /* MainController.swift */ = {isa = PBXFileReference; lastKnownFileType = sourcecode.swift; path = MainController.swift; sourceTree = "<group>"; };
		7479F9692C3FC1E100E94270 /* PokemonProfile.xcdatamodel */ = {isa = PBXFileReference; lastKnownFileType = wrapper.xcdatamodel; path = PokemonProfile.xcdatamodel; sourceTree = "<group>"; };
		7479F96B2C3FC1E200E94270 /* Assets.xcassets */ = {isa = PBXFileReference; lastKnownFileType = folder.assetcatalog; path = Assets.xcassets; sourceTree = "<group>"; };
		7479F96E2C3FC1E200E94270 /* Base */ = {isa = PBXFileReference; lastKnownFileType = file.storyboard; name = Base; path = Base.lproj/LaunchScreen.storyboard; sourceTree = "<group>"; };
		7479F9702C3FC1E200E94270 /* Info.plist */ = {isa = PBXFileReference; lastKnownFileType = text.plist.xml; path = Info.plist; sourceTree = "<group>"; };
		7479F9792C3FC51200E94270 /* MainView.swift */ = {isa = PBXFileReference; lastKnownFileType = sourcecode.swift; path = MainView.swift; sourceTree = "<group>"; };
		7479F97B2C3FCD0A00E94270 /* ProfileTableCell.swift */ = {isa = PBXFileReference; lastKnownFileType = sourcecode.swift; path = ProfileTableCell.swift; sourceTree = "<group>"; };
		7479F9802C3FDD6D00E94270 /* ManageController.swift */ = {isa = PBXFileReference; lastKnownFileType = sourcecode.swift; path = ManageController.swift; sourceTree = "<group>"; };
		7479F9822C3FDE2300E94270 /* ManageView.swift */ = {isa = PBXFileReference; lastKnownFileType = sourcecode.swift; path = ManageView.swift; sourceTree = "<group>"; };
		7479F9842C40084300E94270 /* PokemonModel.swift */ = {isa = PBXFileReference; lastKnownFileType = sourcecode.swift; path = PokemonModel.swift; sourceTree = "<group>"; };
/* End PBXFileReference section */

/* Begin PBXFrameworksBuildPhase section */
		7479F9592C3FC1E100E94270 /* Frameworks */ = {
			isa = PBXFrameworksBuildPhase;
			buildActionMask = 2147483647;
			files = (
				7479F97F2C3FD23C00E94270 /* SnapKit in Frameworks */,
			);
			runOnlyForDeploymentPostprocessing = 0;
		};
/* End PBXFrameworksBuildPhase section */

/* Begin PBXGroup section */
		7479F9532C3FC1E100E94270 = {
			isa = PBXGroup;
			children = (
				7479F95E2C3FC1E100E94270 /* PokemonProfile */,
				7479F95D2C3FC1E100E94270 /* Products */,
			);
			indentWidth = 2;
			sourceTree = "<group>";
			tabWidth = 2;
		};
		7479F95D2C3FC1E100E94270 /* Products */ = {
			isa = PBXGroup;
			children = (
				7479F95C2C3FC1E100E94270 /* PokemonProfile.app */,
			);
			name = Products;
			sourceTree = "<group>";
		};
		7479F95E2C3FC1E100E94270 /* PokemonProfile */ = {
			isa = PBXGroup;
			children = (
				7479F9782C3FC4EF00E94270 /* View */,
				7479F9772C3FC4D300E94270 /* Model */,
				7479F9762C3FC4B700E94270 /* Controller */,
				7479F95F2C3FC1E100E94270 /* AppDelegate.swift */,
				7479F9612C3FC1E100E94270 /* SceneDelegate.swift */,
				7479F96B2C3FC1E200E94270 /* Assets.xcassets */,
				7479F96D2C3FC1E200E94270 /* LaunchScreen.storyboard */,
				7479F9702C3FC1E200E94270 /* Info.plist */,
				7479F9682C3FC1E100E94270 /* PokemonProfile.xcdatamodeld */,
			);
			path = PokemonProfile;
			sourceTree = "<group>";
		};
		7479F9762C3FC4B700E94270 /* Controller */ = {
			isa = PBXGroup;
			children = (
				7479F9802C3FDD6D00E94270 /* ManageController.swift */,
				7479F9632C3FC1E100E94270 /* MainController.swift */,
			);
			path = Controller;
			sourceTree = "<group>";
		};
		7479F9772C3FC4D300E94270 /* Model */ = {
			isa = PBXGroup;
			children = (
				746777232C44804E003B86DF /* PokemonProfile+CoreDataClass.swift */,
				746777222C44804E003B86DF /* PokemonProfile+CoreDataProperties.swift */,
				7479F9842C40084300E94270 /* PokemonModel.swift */,
				746777202C441995003B86DF /* Profile.swift */,
			);
			path = Model;
			sourceTree = "<group>";
		};
		7479F9782C3FC4EF00E94270 /* View */ = {
			isa = PBXGroup;
			children = (
				7479F9792C3FC51200E94270 /* MainView.swift */,
				7479F9822C3FDE2300E94270 /* ManageView.swift */,
				7479F97B2C3FCD0A00E94270 /* ProfileTableCell.swift */,
			);
			path = View;
			sourceTree = "<group>";
		};
/* End PBXGroup section */

/* Begin PBXNativeTarget section */
		7479F95B2C3FC1E100E94270 /* PokemonProfile */ = {
			isa = PBXNativeTarget;
			buildConfigurationList = 7479F9732C3FC1E200E94270 /* Build configuration list for PBXNativeTarget "PokemonProfile" */;
			buildPhases = (
				7479F9582C3FC1E100E94270 /* Sources */,
				7479F9592C3FC1E100E94270 /* Frameworks */,
				7479F95A2C3FC1E100E94270 /* Resources */,
			);
			buildRules = (
			);
			dependencies = (
			);
			name = PokemonProfile;
			packageProductDependencies = (
				7479F97E2C3FD23C00E94270 /* SnapKit */,
			);
			productName = PoketmonProfile;
			productReference = 7479F95C2C3FC1E100E94270 /* PokemonProfile.app */;
			productType = "com.apple.product-type.application";
		};
/* End PBXNativeTarget section */

/* Begin PBXProject section */
		7479F9542C3FC1E100E94270 /* Project object */ = {
			isa = PBXProject;
			attributes = {
				BuildIndependentTargetsInParallel = 1;
				LastSwiftUpdateCheck = 1540;
				LastUpgradeCheck = 1540;
				TargetAttributes = {
					7479F95B2C3FC1E100E94270 = {
						CreatedOnToolsVersion = 15.4;
					};
				};
			};
			buildConfigurationList = 7479F9572C3FC1E100E94270 /* Build configuration list for PBXProject "PokemonProfile" */;
			compatibilityVersion = "Xcode 14.0";
			developmentRegion = en;
			hasScannedForEncodings = 0;
			knownRegions = (
				en,
				Base,
			);
			mainGroup = 7479F9532C3FC1E100E94270;
			packageReferences = (
				7479F97D2C3FD23C00E94270 /* XCRemoteSwiftPackageReference "SnapKit" */,
			);
			productRefGroup = 7479F95D2C3FC1E100E94270 /* Products */;
			projectDirPath = "";
			projectRoot = "";
			targets = (
				7479F95B2C3FC1E100E94270 /* PokemonProfile */,
			);
		};
/* End PBXProject section */

/* Begin PBXResourcesBuildPhase section */
		7479F95A2C3FC1E100E94270 /* Resources */ = {
			isa = PBXResourcesBuildPhase;
			buildActionMask = 2147483647;
			files = (
				7479F96C2C3FC1E200E94270 /* Assets.xcassets in Resources */,
				7479F96F2C3FC1E200E94270 /* Base in Resources */,
			);
			runOnlyForDeploymentPostprocessing = 0;
		};
/* End PBXResourcesBuildPhase section */

/* Begin PBXSourcesBuildPhase section */
		7479F9582C3FC1E100E94270 /* Sources */ = {
			isa = PBXSourcesBuildPhase;
			buildActionMask = 2147483647;
			files = (
				7479F9642C3FC1E100E94270 /* MainController.swift in Sources */,
				746777212C441995003B86DF /* Profile.swift in Sources */,
				7479F9832C3FDE2300E94270 /* ManageView.swift in Sources */,
				7479F9812C3FDD6D00E94270 /* ManageController.swift in Sources */,
				7479F9602C3FC1E100E94270 /* AppDelegate.swift in Sources */,
				746777242C44804E003B86DF /* PokemonProfile+CoreDataProperties.swift in Sources */,
				7479F9852C40084300E94270 /* PokemonModel.swift in Sources */,
				746777252C44804E003B86DF /* PokemonProfile+CoreDataClass.swift in Sources */,
				7479F97A2C3FC51200E94270 /* MainView.swift in Sources */,
				7479F97C2C3FCD0A00E94270 /* ProfileTableCell.swift in Sources */,
				7479F9622C3FC1E100E94270 /* SceneDelegate.swift in Sources */,
				7467771B2C414F03003B86DF /* PokemonProfile.xcdatamodeld in Sources */,
			);
			runOnlyForDeploymentPostprocessing = 0;
		};
/* End PBXSourcesBuildPhase section */

/* Begin PBXVariantGroup section */
		7479F96D2C3FC1E200E94270 /* LaunchScreen.storyboard */ = {
			isa = PBXVariantGroup;
			children = (
				7479F96E2C3FC1E200E94270 /* Base */,
			);
			name = LaunchScreen.storyboard;
			sourceTree = "<group>";
		};
/* End PBXVariantGroup section */

/* Begin XCBuildConfiguration section */
		7479F9712C3FC1E200E94270 /* Debug */ = {
			isa = XCBuildConfiguration;
			buildSettings = {
				ALWAYS_SEARCH_USER_PATHS = NO;
				ASSETCATALOG_COMPILER_GENERATE_SWIFT_ASSET_SYMBOL_EXTENSIONS = YES;
				CLANG_ANALYZER_NONNULL = YES;
				CLANG_ANALYZER_NUMBER_OBJECT_CONVERSION = YES_AGGRESSIVE;
				CLANG_CXX_LANGUAGE_STANDARD = "gnu++20";
				CLANG_ENABLE_MODULES = YES;
				CLANG_ENABLE_OBJC_ARC = YES;
				CLANG_ENABLE_OBJC_WEAK = YES;
				CLANG_WARN_BLOCK_CAPTURE_AUTORELEASING = YES;
				CLANG_WARN_BOOL_CONVERSION = YES;
				CLANG_WARN_COMMA = YES;
				CLANG_WARN_CONSTANT_CONVERSION = YES;
				CLANG_WARN_DEPRECATED_OBJC_IMPLEMENTATIONS = YES;
				CLANG_WARN_DIRECT_OBJC_ISA_USAGE = YES_ERROR;
				CLANG_WARN_DOCUMENTATION_COMMENTS = YES;
				CLANG_WARN_EMPTY_BODY = YES;
				CLANG_WARN_ENUM_CONVERSION = YES;
				CLANG_WARN_INFINITE_RECURSION = YES;
				CLANG_WARN_INT_CONVERSION = YES;
				CLANG_WARN_NON_LITERAL_NULL_CONVERSION = YES;
				CLANG_WARN_OBJC_IMPLICIT_RETAIN_SELF = YES;
				CLANG_WARN_OBJC_LITERAL_CONVERSION = YES;
				CLANG_WARN_OBJC_ROOT_CLASS = YES_ERROR;
				CLANG_WARN_QUOTED_INCLUDE_IN_FRAMEWORK_HEADER = YES;
				CLANG_WARN_RANGE_LOOP_ANALYSIS = YES;
				CLANG_WARN_STRICT_PROTOTYPES = YES;
				CLANG_WARN_SUSPICIOUS_MOVE = YES;
				CLANG_WARN_UNGUARDED_AVAILABILITY = YES_AGGRESSIVE;
				CLANG_WARN_UNREACHABLE_CODE = YES;
				CLANG_WARN__DUPLICATE_METHOD_MATCH = YES;
				COPY_PHASE_STRIP = NO;
				DEBUG_INFORMATION_FORMAT = dwarf;
				ENABLE_STRICT_OBJC_MSGSEND = YES;
				ENABLE_TESTABILITY = YES;
				ENABLE_USER_SCRIPT_SANDBOXING = YES;
				GCC_C_LANGUAGE_STANDARD = gnu17;
				GCC_DYNAMIC_NO_PIC = NO;
				GCC_NO_COMMON_BLOCKS = YES;
				GCC_OPTIMIZATION_LEVEL = 0;
				GCC_PREPROCESSOR_DEFINITIONS = (
					"DEBUG=1",
					"$(inherited)",
				);
				GCC_WARN_64_TO_32_BIT_CONVERSION = YES;
				GCC_WARN_ABOUT_RETURN_TYPE = YES_ERROR;
				GCC_WARN_UNDECLARED_SELECTOR = YES;
				GCC_WARN_UNINITIALIZED_AUTOS = YES_AGGRESSIVE;
				GCC_WARN_UNUSED_FUNCTION = YES;
				GCC_WARN_UNUSED_VARIABLE = YES;
				INFOPLIST_FILE = /PokemonProfile/Info.plist;
				IPHONEOS_DEPLOYMENT_TARGET = 17.5;
				LOCALIZATION_PREFERS_STRING_CATALOGS = YES;
				MTL_ENABLE_DEBUG_INFO = INCLUDE_SOURCE;
				MTL_FAST_MATH = YES;
				ONLY_ACTIVE_ARCH = YES;
				SDKROOT = iphoneos;
				SWIFT_ACTIVE_COMPILATION_CONDITIONS = "DEBUG $(inherited)";
				SWIFT_OPTIMIZATION_LEVEL = "-Onone";
			};
			name = Debug;
		};
		7479F9722C3FC1E200E94270 /* Release */ = {
			isa = XCBuildConfiguration;
			buildSettings = {
				ALWAYS_SEARCH_USER_PATHS = NO;
				ASSETCATALOG_COMPILER_GENERATE_SWIFT_ASSET_SYMBOL_EXTENSIONS = YES;
				CLANG_ANALYZER_NONNULL = YES;
				CLANG_ANALYZER_NUMBER_OBJECT_CONVERSION = YES_AGGRESSIVE;
				CLANG_CXX_LANGUAGE_STANDARD = "gnu++20";
				CLANG_ENABLE_MODULES = YES;
				CLANG_ENABLE_OBJC_ARC = YES;
				CLANG_ENABLE_OBJC_WEAK = YES;
				CLANG_WARN_BLOCK_CAPTURE_AUTORELEASING = YES;
				CLANG_WARN_BOOL_CONVERSION = YES;
				CLANG_WARN_COMMA = YES;
				CLANG_WARN_CONSTANT_CONVERSION = YES;
				CLANG_WARN_DEPRECATED_OBJC_IMPLEMENTATIONS = YES;
				CLANG_WARN_DIRECT_OBJC_ISA_USAGE = YES_ERROR;
				CLANG_WARN_DOCUMENTATION_COMMENTS = YES;
				CLANG_WARN_EMPTY_BODY = YES;
				CLANG_WARN_ENUM_CONVERSION = YES;
				CLANG_WARN_INFINITE_RECURSION = YES;
				CLANG_WARN_INT_CONVERSION = YES;
				CLANG_WARN_NON_LITERAL_NULL_CONVERSION = YES;
				CLANG_WARN_OBJC_IMPLICIT_RETAIN_SELF = YES;
				CLANG_WARN_OBJC_LITERAL_CONVERSION = YES;
				CLANG_WARN_OBJC_ROOT_CLASS = YES_ERROR;
				CLANG_WARN_QUOTED_INCLUDE_IN_FRAMEWORK_HEADER = YES;
				CLANG_WARN_RANGE_LOOP_ANALYSIS = YES;
				CLANG_WARN_STRICT_PROTOTYPES = YES;
				CLANG_WARN_SUSPICIOUS_MOVE = YES;
				CLANG_WARN_UNGUARDED_AVAILABILITY = YES_AGGRESSIVE;
				CLANG_WARN_UNREACHABLE_CODE = YES;
				CLANG_WARN__DUPLICATE_METHOD_MATCH = YES;
				COPY_PHASE_STRIP = NO;
				DEBUG_INFORMATION_FORMAT = "dwarf-with-dsym";
				ENABLE_NS_ASSERTIONS = NO;
				ENABLE_STRICT_OBJC_MSGSEND = YES;
				ENABLE_USER_SCRIPT_SANDBOXING = YES;
				GCC_C_LANGUAGE_STANDARD = gnu17;
				GCC_NO_COMMON_BLOCKS = YES;
				GCC_WARN_64_TO_32_BIT_CONVERSION = YES;
				GCC_WARN_ABOUT_RETURN_TYPE = YES_ERROR;
				GCC_WARN_UNDECLARED_SELECTOR = YES;
				GCC_WARN_UNINITIALIZED_AUTOS = YES_AGGRESSIVE;
				GCC_WARN_UNUSED_FUNCTION = YES;
				GCC_WARN_UNUSED_VARIABLE = YES;
				INFOPLIST_FILE = /PokemonProfile/Info.plist;
				IPHONEOS_DEPLOYMENT_TARGET = 17.5;
				LOCALIZATION_PREFERS_STRING_CATALOGS = YES;
				MTL_ENABLE_DEBUG_INFO = NO;
				MTL_FAST_MATH = YES;
				SDKROOT = iphoneos;
				SWIFT_COMPILATION_MODE = wholemodule;
				VALIDATE_PRODUCT = YES;
			};
			name = Release;
		};
		7479F9742C3FC1E200E94270 /* Debug */ = {
			isa = XCBuildConfiguration;
			buildSettings = {
				ASSETCATALOG_COMPILER_APPICON_NAME = AppIcon;
				ASSETCATALOG_COMPILER_GLOBAL_ACCENT_COLOR_NAME = AccentColor;
				CODE_SIGN_STYLE = Automatic;
				CURRENT_PROJECT_VERSION = 1;
				DEVELOPMENT_TEAM = P9KD2K67FZ;
				GENERATE_INFOPLIST_FILE = YES;
				INFOPLIST_FILE = PokemonProfile/Info.plist;
				INFOPLIST_KEY_UIApplicationSupportsIndirectInputEvents = YES;
				INFOPLIST_KEY_UILaunchStoryboardName = LaunchScreen;
				INFOPLIST_KEY_UISupportedInterfaceOrientations_iPad = "UIInterfaceOrientationPortrait UIInterfaceOrientationPortraitUpsideDown UIInterfaceOrientationLandscapeLeft UIInterfaceOrientationLandscapeRight";
				INFOPLIST_KEY_UISupportedInterfaceOrientations_iPhone = "UIInterfaceOrientationPortrait UIInterfaceOrientationLandscapeLeft UIInterfaceOrientationLandscapeRight";
				LD_RUNPATH_SEARCH_PATHS = (
					"$(inherited)",
					"@executable_path/Frameworks",
				);
				MARKETING_VERSION = 1.0;
				PRODUCT_BUNDLE_IDENTIFIER = com.wjstjd120.PokemonProfile;
				PRODUCT_NAME = "$(TARGET_NAME)";
				SWIFT_EMIT_LOC_STRINGS = YES;
				SWIFT_VERSION = 5.0;
				TARGETED_DEVICE_FAMILY = "1,2";
			};
			name = Debug;
		};
		7479F9752C3FC1E200E94270 /* Release */ = {
			isa = XCBuildConfiguration;
			buildSettings = {
				ASSETCATALOG_COMPILER_APPICON_NAME = AppIcon;
				ASSETCATALOG_COMPILER_GLOBAL_ACCENT_COLOR_NAME = AccentColor;
				CODE_SIGN_STYLE = Automatic;
				CURRENT_PROJECT_VERSION = 1;
				DEVELOPMENT_TEAM = P9KD2K67FZ;
				GENERATE_INFOPLIST_FILE = YES;
				INFOPLIST_FILE = PokemonProfile/Info.plist;
				INFOPLIST_KEY_UIApplicationSupportsIndirectInputEvents = YES;
				INFOPLIST_KEY_UILaunchStoryboardName = LaunchScreen;
				INFOPLIST_KEY_UISupportedInterfaceOrientations_iPad = "UIInterfaceOrientationPortrait UIInterfaceOrientationPortraitUpsideDown UIInterfaceOrientationLandscapeLeft UIInterfaceOrientationLandscapeRight";
				INFOPLIST_KEY_UISupportedInterfaceOrientations_iPhone = "UIInterfaceOrientationPortrait UIInterfaceOrientationLandscapeLeft UIInterfaceOrientationLandscapeRight";
				LD_RUNPATH_SEARCH_PATHS = (
					"$(inherited)",
					"@executable_path/Frameworks",
				);
				MARKETING_VERSION = 1.0;
				PRODUCT_BUNDLE_IDENTIFIER = com.wjstjd120.PokemonProfile;
				PRODUCT_NAME = "$(TARGET_NAME)";
				SWIFT_EMIT_LOC_STRINGS = YES;
				SWIFT_VERSION = 5.0;
				TARGETED_DEVICE_FAMILY = "1,2";
			};
			name = Release;
		};
/* End XCBuildConfiguration section */

/* Begin XCConfigurationList section */
		7479F9572C3FC1E100E94270 /* Build configuration list for PBXProject "PokemonProfile" */ = {
			isa = XCConfigurationList;
			buildConfigurations = (
				7479F9712C3FC1E200E94270 /* Debug */,
				7479F9722C3FC1E200E94270 /* Release */,
			);
			defaultConfigurationIsVisible = 0;
			defaultConfigurationName = Release;
		};
		7479F9732C3FC1E200E94270 /* Build configuration list for PBXNativeTarget "PokemonProfile" */ = {
			isa = XCConfigurationList;
			buildConfigurations = (
				7479F9742C3FC1E200E94270 /* Debug */,
				7479F9752C3FC1E200E94270 /* Release */,
			);
			defaultConfigurationIsVisible = 0;
			defaultConfigurationName = Release;
		};
/* End XCConfigurationList section */

/* Begin XCRemoteSwiftPackageReference section */
		7479F97D2C3FD23C00E94270 /* XCRemoteSwiftPackageReference "SnapKit" */ = {
			isa = XCRemoteSwiftPackageReference;
			repositoryURL = "https://github.com/SnapKit/SnapKit.git";
			requirement = {
				kind = upToNextMajorVersion;
				minimumVersion = 5.7.1;
			};
		};
/* End XCRemoteSwiftPackageReference section */

/* Begin XCSwiftPackageProductDependency section */
		7479F97E2C3FD23C00E94270 /* SnapKit */ = {
			isa = XCSwiftPackageProductDependency;
			package = 7479F97D2C3FD23C00E94270 /* XCRemoteSwiftPackageReference "SnapKit" */;
			productName = SnapKit;
		};
/* End XCSwiftPackageProductDependency section */

/* Begin XCVersionGroup section */
		7479F9682C3FC1E100E94270 /* PokemonProfile.xcdatamodeld */ = {
			isa = XCVersionGroup;
			children = (
				7479F9692C3FC1E100E94270 /* PokemonProfile.xcdatamodel */,
			);
			currentVersion = 7479F9692C3FC1E100E94270 /* PokemonProfile.xcdatamodel */;
			path = PokemonProfile.xcdatamodeld;
			sourceTree = "<group>";
			versionGroupType = wrapper.xcdatamodel;
		};
/* End XCVersionGroup section */
	};
	rootObject = 7479F9542C3FC1E100E94270 /* Project object */;
}
